
Microsoft Visual Studio Solution File, Format Version 12.00
# Visual Studio Version 16
VisualStudioVersion = 16.0.29609.76
MinimumVisualStudioVersion = 10.0.40219.1
Project("{9A19103F-16F7-4668-BE54-9A1E7A4F7556}") = "M3gur0.Library.Domain", "M3gur0.Library.Domain\M3gur0.Library.Domain.csproj", "{40858526-5522-41F1-B860-475E7B1812E5}"
EndProject
Project("{9A19103F-16F7-4668-BE54-9A1E7A4F7556}") = "M3gur0.Library.Infrastructure.Events", "M3gur0.Library.Infrastructure.Events\M3gur0.Library.Infrastructure.Events.csproj", "{FBDF72AC-D079-42E9-B59D-0A9CE8AF92B9}"
EndProject
Project("{9A19103F-16F7-4668-BE54-9A1E7A4F7556}") = "M3gur0.Library.Infrastructure.Events.InMemory", "M3gur0.Library.Infrastructure.Events.InMemory\M3gur0.Library.Infrastructure.Events.InMemory.csproj", "{AFE9C08D-3ED2-40EB-859A-7F01507F2EAE}"
EndProject
Project("{9A19103F-16F7-4668-BE54-9A1E7A4F7556}") = "M3gur0.Library.Infrastructure.Events.RabbitMQ", "M3gur0.Library.Infrastructure.Events.RabbitMQ\M3gur0.Library.Infrastructure.Events.RabbitMQ.csproj", "{173DD66F-88F5-4CED-984B-875F07EBC7DA}"
EndProject
Project("{2150E333-8FDC-42A3-9474-1A3956D46DE8}") = "Resources", "Resources", "{CC47A4D6-2CC1-4C6C-9981-8072663BD7CB}"
	ProjectSection(SolutionItems) = preProject
		Resources\M3gur0_mini.png = Resources\M3gur0_mini.png
	EndProjectSection
EndProject
Project("{9A19103F-16F7-4668-BE54-9A1E7A4F7556}") = "M3gur0.Library.Infrastructure.Data.Redis", "M3gur0.Library.Infrastructure.Data.Redis\M3gur0.Library.Infrastructure.Data.Redis.csproj", "{847F0A9A-A8C7-485F-B779-5A7FA0E076F9}"
EndProject
Project("{9A19103F-16F7-4668-BE54-9A1E7A4F7556}") = "M3gur0.Library.Infrastructure.Data.EF", "M3gur0.Library.Infrastructure.Data.EF\M3gur0.Library.Infrastructure.Data.EF.csproj", "{B41BF8E1-7341-4F75-8422-BF6755EA9AF3}"
EndProject
Project("{9A19103F-16F7-4668-BE54-9A1E7A4F7556}") = "M3gur0.Library.Infrastructure.Mediator", "M3gur0.Library.Infrastructure.Mediator\M3gur0.Library.Infrastructure.Mediator.csproj", "{56169774-1CB5-4440-A8B8-2E6B5E37489F}"
EndProject
Project("{FAE04EC0-301F-11D3-BF4B-00C04F79EFBC}") = "M3gur0.Library.WebAPI", "M3gur0.Library.WebAPI\M3gur0.Library.WebAPI.csproj", "{306AC637-FFC7-469A-AEEC-EB0A0FD45833}"
EndProject
Global
	GlobalSection(SolutionConfigurationPlatforms) = preSolution
		Debug|Any CPU = Debug|Any CPU
		Release|Any CPU = Release|Any CPU
	EndGlobalSection
	GlobalSection(ProjectConfigurationPlatforms) = postSolution
		{40858526-5522-41F1-B860-475E7B1812E5}.Debug|Any CPU.ActiveCfg = Debug|Any CPU
		{40858526-5522-41F1-B860-475E7B1812E5}.Debug|Any CPU.Build.0 = Debug|Any CPU
		{40858526-5522-41F1-B860-475E7B1812E5}.Release|Any CPU.ActiveCfg = Release|Any CPU
		{40858526-5522-41F1-B860-475E7B1812E5}.Release|Any CPU.Build.0 = Release|Any CPU
		{FBDF72AC-D079-42E9-B59D-0A9CE8AF92B9}.Debug|Any CPU.ActiveCfg = Debug|Any CPU
		{FBDF72AC-D079-42E9-B59D-0A9CE8AF92B9}.Debug|Any CPU.Build.0 = Debug|Any CPU
		{FBDF72AC-D079-42E9-B59D-0A9CE8AF92B9}.Release|Any CPU.ActiveCfg = Release|Any CPU
		{FBDF72AC-D079-42E9-B59D-0A9CE8AF92B9}.Release|Any CPU.Build.0 = Release|Any CPU
		{AFE9C08D-3ED2-40EB-859A-7F01507F2EAE}.Debug|Any CPU.ActiveCfg = Debug|Any CPU
		{AFE9C08D-3ED2-40EB-859A-7F01507F2EAE}.Debug|Any CPU.Build.0 = Debug|Any CPU
		{AFE9C08D-3ED2-40EB-859A-7F01507F2EAE}.Release|Any CPU.ActiveCfg = Release|Any CPU
		{AFE9C08D-3ED2-40EB-859A-7F01507F2EAE}.Release|Any CPU.Build.0 = Release|Any CPU
		{173DD66F-88F5-4CED-984B-875F07EBC7DA}.Debug|Any CPU.ActiveCfg = Debug|Any CPU
		{173DD66F-88F5-4CED-984B-875F07EBC7DA}.Debug|Any CPU.Build.0 = Debug|Any CPU
		{173DD66F-88F5-4CED-984B-875F07EBC7DA}.Release|Any CPU.ActiveCfg = Release|Any CPU
		{173DD66F-88F5-4CED-984B-875F07EBC7DA}.Release|Any CPU.Build.0 = Release|Any CPU
		{847F0A9A-A8C7-485F-B779-5A7FA0E076F9}.Debug|Any CPU.ActiveCfg = Debug|Any CPU
		{847F0A9A-A8C7-485F-B779-5A7FA0E076F9}.Debug|Any CPU.Build.0 = Debug|Any CPU
		{847F0A9A-A8C7-485F-B779-5A7FA0E076F9}.Release|Any CPU.ActiveCfg = Release|Any CPU
		{847F0A9A-A8C7-485F-B779-5A7FA0E076F9}.Release|Any CPU.Build.0 = Release|Any CPU
		{B41BF8E1-7341-4F75-8422-BF6755EA9AF3}.Debug|Any CPU.ActiveCfg = Debug|Any CPU
		{B41BF8E1-7341-4F75-8422-BF6755EA9AF3}.Debug|Any CPU.Build.0 = Debug|Any CPU
		{B41BF8E1-7341-4F75-8422-BF6755EA9AF3}.Release|Any CPU.ActiveCfg = Release|Any CPU
		{B41BF8E1-7341-4F75-8422-BF6755EA9AF3}.Release|Any CPU.Build.0 = Release|Any CPU
		{56169774-1CB5-4440-A8B8-2E6B5E37489F}.Debug|Any CPU.ActiveCfg = Debug|Any CPU
		{56169774-1CB5-4440-A8B8-2E6B5E37489F}.Debug|Any CPU.Build.0 = Debug|Any CPU
		{56169774-1CB5-4440-A8B8-2E6B5E37489F}.Release|Any CPU.ActiveCfg = Release|Any CPU
		{56169774-1CB5-4440-A8B8-2E6B5E37489F}.Release|Any CPU.Build.0 = Release|Any CPU
		{306AC637-FFC7-469A-AEEC-EB0A0FD45833}.Debug|Any CPU.ActiveCfg = Debug|Any CPU
		{306AC637-FFC7-469A-AEEC-EB0A0FD45833}.Debug|Any CPU.Build.0 = Debug|Any CPU
		{306AC637-FFC7-469A-AEEC-EB0A0FD45833}.Release|Any CPU.ActiveCfg = Release|Any CPU
		{306AC637-FFC7-469A-AEEC-EB0A0FD45833}.Release|Any CPU.Build.0 = Release|Any CPU
	EndGlobalSection
	GlobalSection(SolutionProperties) = preSolution
		HideSolutionNode = FALSE
	EndGlobalSection
	GlobalSection(ExtensibilityGlobals) = postSolution
		SolutionGuid = {2039DE64-3562-4090-8081-6CA6E0433D16}
	EndGlobalSection
EndGlobal
